
Microsoft Visual Studio Solution File, Format Version 12.00
# Visual Studio Version 17
VisualStudioVersion = 17.3.32901.215
MinimumVisualStudioVersion = 10.0.40219.1
Project("{FAE04EC0-301F-11D3-BF4B-00C04F79EFBC}") = "Vampirewal.Admin.Server", "Vampirewal.Admin.Server\Vampirewal.Admin.Server.csproj", "{BBEA53B7-6F78-4037-8114-B06CEF7F9BB7}"
EndProject
Global
	GlobalSection(SolutionConfigurationPlatforms) = preSolution
		Debug|Any CPU = Debug|Any CPU
		Release|Any CPU = Release|Any CPU
	EndGlobalSection
	GlobalSection(ProjectConfigurationPlatforms) = postSolution
		{BBEA53B7-6F78-4037-8114-B06CEF7F9BB7}.Debug|Any CPU.ActiveCfg = Debug|Any CPU
		{BBEA53B7-6F78-4037-8114-B06CEF7F9BB7}.Debug|Any CPU.Build.0 = Debug|Any CPU
		{BBEA53B7-6F78-4037-8114-B06CEF7F9BB7}.Release|Any CPU.ActiveCfg = Release|Any CPU
		{BBEA53B7-6F78-4037-8114-B06CEF7F9BB7}.Release|Any CPU.Build.0 = Release|Any CPU
	EndGlobalSection
	GlobalSection(SolutionProperties) = preSolution
		HideSolutionNode = FALSE
	EndGlobalSection
	GlobalSection(ExtensibilityGlobals) = postSolution
		SolutionGuid = {6854BBDA-45D9-421E-BCF4-F36C679A0523}
	EndGlobalSection
EndGlobal
